{
  "version": 4,
  "terraform_version": "1.12.2",
  "serial": 13,
  "lineage": "e2d50c9e-4b1b-3c61-0f08-e3f20dc7c661",
  "outputs": {
    "aws_instances": {
      "value": [
        "54.221.57.248",
        "54.235.13.79",
        "34.224.61.208"
      ],
      "type": [
        "tuple",
        [
          "string",
          "string",
          "string"
        ]
      ]
    }
  },
  "resources": [
    {
      "mode": "data",
      "type": "aws_ami",
      "name": "ubuntu",
      "provider": "provider[\"registry.terraform.io/hashicorp/aws\"]",
      "instances": [
        {
          "schema_version": 0,
          "attributes": {
            "allow_unsafe_filter": null,
            "architecture": "x86_64",
            "arn": "arn:aws:ec2:us-east-2::image/ami-076838d6a293cb49e",
            "block_device_mappings": [
              {
                "device_name": "/dev/sda1",
                "ebs": {
                  "delete_on_termination": "true",
                  "encrypted": "false",
                  "iops": "0",
                  "snapshot_id": "snap-0ec8b3a353df6454c",
                  "throughput": "0",
                  "volume_initialization_rate": "0",
                  "volume_size": "8",
                  "volume_type": "gp2"
                },
                "no_device": "",
                "virtual_name": ""
              },
              {
                "device_name": "/dev/sdb",
                "ebs": {},
                "no_device": "",
                "virtual_name": "ephemeral0"
              },
              {
                "device_name": "/dev/sdc",
                "ebs": {},
                "no_device": "",
                "virtual_name": "ephemeral1"
              }
            ],
            "boot_mode": "legacy-bios",
            "creation_date": "2025-06-25T05:33:14.000Z",
            "deprecation_time": "2027-06-25T05:33:14.000Z",
            "description": "Canonical, Ubuntu, 20.04, amd64 focal image",
            "ena_support": true,
            "executable_users": null,
            "filter": [
              {
                "name": "architecture",
                "values": [
                  "x86_64"
                ]
              },
              {
                "name": "name",
                "values": [
                  "ubuntu/images/hvm-ssd/ubuntu-focal-20.04-amd64-server-*"
                ]
              },
              {
                "name": "virtualization-type",
                "values": [
                  "hvm"
                ]
              }
            ],
            "hypervisor": "xen",
            "id": "ami-076838d6a293cb49e",
            "image_id": "ami-076838d6a293cb49e",
            "image_location": "amazon/ubuntu/images/hvm-ssd/ubuntu-focal-20.04-amd64-server-20250624",
            "image_owner_alias": "amazon",
            "image_type": "machine",
            "imds_support": "",
            "include_deprecated": false,
            "kernel_id": "",
            "last_launched_time": "",
            "most_recent": true,
            "name": "ubuntu/images/hvm-ssd/ubuntu-focal-20.04-amd64-server-20250624",
            "name_regex": null,
            "owner_id": "099720109477",
            "owners": [
              "099720109477"
            ],
            "platform": "",
            "platform_details": "Linux/UNIX",
            "product_codes": [],
            "public": true,
            "ramdisk_id": "",
            "region": "us-east-2",
            "root_device_name": "/dev/sda1",
            "root_device_type": "ebs",
            "root_snapshot_id": "snap-0ec8b3a353df6454c",
            "sriov_net_support": "simple",
            "state": "available",
            "state_reason": {
              "code": "UNSET",
              "message": "UNSET"
            },
            "tags": {},
            "timeouts": null,
            "tpm_support": "",
            "uefi_data": null,
            "usage_operation": "RunInstances",
            "virtualization_type": "hvm"
          },
          "sensitive_attributes": [],
          "identity_schema_version": 0
        }
      ]
    },
    {
      "mode": "managed",
      "type": "aws_key_pair",
      "name": "ssh_key",
      "provider": "provider[\"registry.terraform.io/hashicorp/aws\"]",
      "instances": [
        {
          "schema_version": 1,
          "attributes": {
            "arn": "arn:aws:ec2:us-east-1:574635351163:key-pair/ec2",
            "fingerprint": "eb:95:c8:74:ab:43:f1:96:ee:f3:62:ee:ee:5e:6a:2f",
            "id": "ec2",
            "key_name": "ec2",
            "key_name_prefix": "",
            "key_pair_id": "key-01e0fd0153db36cff",
            "key_type": "rsa",
            "public_key": "ssh-rsa AAAAB3NzaC1yc2EAAAADAQABAAACAQDbj3Ij6ebc23hljjkBYASpTz2gpKOiIelWx+J4l52vkrgr5gJ5l0/zdN5VepRM0qWycW2GcYHb+mC3dGrMEXZsIrlLEeCmzRzHC9RpNA1k6eZ5yBlMLgCbVfVuR1tu0T7XkT6NScER4+Al+zryYnwJ3glrbVTIz2A1J+AaD4len61rQmhi8aKAPA5mkFsXAFYslGUrNCFM8ikxtV2xoDIEutzqh2uE1GDGH4cWLGnQNE9gGmqp8qjmaonBQKh/7JdBB7Y0Kb0BALZte9jTrOxe5a4RefXGOHzW733lIEmU89RyIuEdbSi1hpphpmpxmaxYgSHOLtoChWitHTi62mRbAI/lPxdADSFm6a/7jcGMhJxs/95JNcN9qAb7DvwIUb7HWl5emS5jWcPFcCjAFLTXCUyScy8CeVj79Mv7AUixTcdqFMlcxr9fo6oVhTqdloK83+vV8zU5f6X3aooCKOA16gS3dstYAkif2pkCKn084LbFM4AwrJauByk4cDXpUj7Zy78xqRYG8eP+eefl3ATwlBkk19oAbepHLPpQ1PwzxAUGHR5q//ROEGJwkiXF3e3UFQnX8fZ+F8SFlj8BuiPGVqZ044RQOKmyJBC6TjN0ORJsq3q4tlih/DUo82OD1yUmhPm1bsyYBNULxt57ekiRx7x+MwdkJum2vNDCbkOuvQ== yayo_jp@DESKTOP-JCAT95L",
            "region": "us-east-1",
            "tags": {},
            "tags_all": {}
          },
          "sensitive_attributes": [],
          "identity_schema_version": 0,
          "private": "eyJzY2hlbWFfdmVyc2lvbiI6IjEifQ=="
        }
      ]
    }
  ],
  "check_results": null
}
